
Microsoft Visual Studio Solution File, Format Version 12.00
# Visual Studio Version 17
VisualStudioVersion = 17.1.32407.343
MinimumVisualStudioVersion = 10.0.40219.1
Project("{FAE04EC0-301F-11D3-BF4B-00C04F79EFBC}") = "PaymentGateway.API", "PaymentGateway.API\PaymentGateway.API.csproj", "{C02C477C-8BD4-4014-999D-26B32C712268}"
EndProject
Project("{FAE04EC0-301F-11D3-BF4B-00C04F79EFBC}") = "PaymentGateway.Domain", "PaymentGateway.Domain\PaymentGateway.Domain.csproj", "{66971477-1C83-4469-9F61-EEECC46EA7C6}"
EndProject
Project("{FAE04EC0-301F-11D3-BF4B-00C04F79EFBC}") = "PaymentGateway.Infrastructure", "PaymentGateway.Infrastructure\PaymentGateway.Infrastructure.csproj", "{77FA650C-560A-47D4-B8D5-226B6761AA82}"
EndProject
Project("{FAE04EC0-301F-11D3-BF4B-00C04F79EFBC}") = "PaymentGateway.Application", "PaymentGateway.Application\PaymentGateway.Application.csproj", "{061F6AEB-5AA3-4957-AAD7-09BB17A306AE}"
EndProject
Project("{FAE04EC0-301F-11D3-BF4B-00C04F79EFBC}") = "PaymentGateway.UnitTests", "..\test\PaymentGateway.UnitTests\PaymentGateway.UnitTests.csproj", "{CDBEE483-7881-460A-8039-FA4F6ED27C15}"
EndProject
Global
	GlobalSection(SolutionConfigurationPlatforms) = preSolution
		Debug|Any CPU = Debug|Any CPU
		Release|Any CPU = Release|Any CPU
	EndGlobalSection
	GlobalSection(ProjectConfigurationPlatforms) = postSolution
		{C02C477C-8BD4-4014-999D-26B32C712268}.Debug|Any CPU.ActiveCfg = Debug|Any CPU
		{C02C477C-8BD4-4014-999D-26B32C712268}.Debug|Any CPU.Build.0 = Debug|Any CPU
		{C02C477C-8BD4-4014-999D-26B32C712268}.Release|Any CPU.ActiveCfg = Release|Any CPU
		{C02C477C-8BD4-4014-999D-26B32C712268}.Release|Any CPU.Build.0 = Release|Any CPU
		{66971477-1C83-4469-9F61-EEECC46EA7C6}.Debug|Any CPU.ActiveCfg = Debug|Any CPU
		{66971477-1C83-4469-9F61-EEECC46EA7C6}.Debug|Any CPU.Build.0 = Debug|Any CPU
		{66971477-1C83-4469-9F61-EEECC46EA7C6}.Release|Any CPU.ActiveCfg = Release|Any CPU
		{66971477-1C83-4469-9F61-EEECC46EA7C6}.Release|Any CPU.Build.0 = Release|Any CPU
		{77FA650C-560A-47D4-B8D5-226B6761AA82}.Debug|Any CPU.ActiveCfg = Debug|Any CPU
		{77FA650C-560A-47D4-B8D5-226B6761AA82}.Debug|Any CPU.Build.0 = Debug|Any CPU
		{77FA650C-560A-47D4-B8D5-226B6761AA82}.Release|Any CPU.ActiveCfg = Release|Any CPU
		{77FA650C-560A-47D4-B8D5-226B6761AA82}.Release|Any CPU.Build.0 = Release|Any CPU
		{061F6AEB-5AA3-4957-AAD7-09BB17A306AE}.Debug|Any CPU.ActiveCfg = Debug|Any CPU
		{061F6AEB-5AA3-4957-AAD7-09BB17A306AE}.Debug|Any CPU.Build.0 = Debug|Any CPU
		{061F6AEB-5AA3-4957-AAD7-09BB17A306AE}.Release|Any CPU.ActiveCfg = Release|Any CPU
		{061F6AEB-5AA3-4957-AAD7-09BB17A306AE}.Release|Any CPU.Build.0 = Release|Any CPU
		{CDBEE483-7881-460A-8039-FA4F6ED27C15}.Debug|Any CPU.ActiveCfg = Debug|Any CPU
		{CDBEE483-7881-460A-8039-FA4F6ED27C15}.Debug|Any CPU.Build.0 = Debug|Any CPU
		{CDBEE483-7881-460A-8039-FA4F6ED27C15}.Release|Any CPU.ActiveCfg = Release|Any CPU
		{CDBEE483-7881-460A-8039-FA4F6ED27C15}.Release|Any CPU.Build.0 = Release|Any CPU
	EndGlobalSection
	GlobalSection(SolutionProperties) = preSolution
		HideSolutionNode = FALSE
	EndGlobalSection
	GlobalSection(ExtensibilityGlobals) = postSolution
		SolutionGuid = {0F418B30-1014-481A-A796-4765362D1A47}
	EndGlobalSection
EndGlobal
